// !$*UTF8*$!
{
	archiveVersion = 1;
	classes = {
	};
	objectVersion = 55;
	objects = {

/* Begin PBXBuildFile section */
		1626517328BAAC5200C4A90E /* ProfileView.swift in Sources */ = {isa = PBXBuildFile; fileRef = 1626517228BAAC5200C4A90E /* ProfileView.swift */; };
		1626517628BAACC800C4A90E /* UserDataCardView.swift in Sources */ = {isa = PBXBuildFile; fileRef = 1626517528BAACC800C4A90E /* UserDataCardView.swift */; };
		1626517828BAACE600C4A90E /* OrdersHistoryCardView.swift in Sources */ = {isa = PBXBuildFile; fileRef = 1626517728BAACE500C4A90E /* OrdersHistoryCardView.swift */; };
		1626517C28BAB12E00C4A90E /* ViewExtensions.swift in Sources */ = {isa = PBXBuildFile; fileRef = 1626517B28BAB12E00C4A90E /* ViewExtensions.swift */; };
		162956BE28A1B2C600755069 /* DonutModel.swift in Sources */ = {isa = PBXBuildFile; fileRef = 162956BD28A1B2C600755069 /* DonutModel.swift */; };
		162956C128A1B54100755069 /* DonutsDataSource.swift in Sources */ = {isa = PBXBuildFile; fileRef = 162956C028A1B54100755069 /* DonutsDataSource.swift */; };
		162956C328A1DE7F00755069 /* DonutsRepository.swift in Sources */ = {isa = PBXBuildFile; fileRef = 162956C228A1DE7F00755069 /* DonutsRepository.swift */; };
		162956C628A1DF7000755069 /* DonutsViewModel.swift in Sources */ = {isa = PBXBuildFile; fileRef = 162956C528A1DF7000755069 /* DonutsViewModel.swift */; };
		162956C828A1E98C00755069 /* DonutCardView.swift in Sources */ = {isa = PBXBuildFile; fileRef = 162956C728A1E98C00755069 /* DonutCardView.swift */; };
		162956CB28A1EDE700755069 /* Kingfisher in Frameworks */ = {isa = PBXBuildFile; productRef = 162956CA28A1EDE700755069 /* Kingfisher */; };
		162956CE28A48FD100755069 /* StringExtensions.swift in Sources */ = {isa = PBXBuildFile; fileRef = 162956CD28A48FD100755069 /* StringExtensions.swift */; };
		16B083FA288B60430089FEC0 /* Happy_DonutsApp.swift in Sources */ = {isa = PBXBuildFile; fileRef = 16B083F9288B60430089FEC0 /* Happy_DonutsApp.swift */; };
		16B083FE288B60450089FEC0 /* Assets.xcassets in Resources */ = {isa = PBXBuildFile; fileRef = 16B083FD288B60450089FEC0 /* Assets.xcassets */; };
		16B08401288B60450089FEC0 /* Preview Assets.xcassets in Resources */ = {isa = PBXBuildFile; fileRef = 16B08400288B60450089FEC0 /* Preview Assets.xcassets */; };
		16B08409288B84460089FEC0 /* SplashScreenView.swift in Sources */ = {isa = PBXBuildFile; fileRef = 16B08408288B84460089FEC0 /* SplashScreenView.swift */; };
		16B0840C288B84F90089FEC0 /* LottieImage.swift in Sources */ = {isa = PBXBuildFile; fileRef = 16B0840B288B84F90089FEC0 /* LottieImage.swift */; };
		16B0840F288B856B0089FEC0 /* Lottie in Frameworks */ = {isa = PBXBuildFile; productRef = 16B0840E288B856B0089FEC0 /* Lottie */; };
		16B08411288B86280089FEC0 /* DonutAnimation.json in Resources */ = {isa = PBXBuildFile; fileRef = 16B08410288B86280089FEC0 /* DonutAnimation.json */; };
		16B08414288B86960089FEC0 /* LoginView.swift in Sources */ = {isa = PBXBuildFile; fileRef = 16B08413288B86960089FEC0 /* LoginView.swift */; };
		16B084172890A4330089FEC0 /* LoginViewModel.swift in Sources */ = {isa = PBXBuildFile; fileRef = 16B084162890A4320089FEC0 /* LoginViewModel.swift */; };
		16B0841A2890A4F40089FEC0 /* LoginModel.swift in Sources */ = {isa = PBXBuildFile; fileRef = 16B084192890A4F40089FEC0 /* LoginModel.swift */; };
		16B0841C2890A5FC0089FEC0 /* UserModel.swift in Sources */ = {isa = PBXBuildFile; fileRef = 16B0841B2890A5FC0089FEC0 /* UserModel.swift */; };
		16B0841E2891AB890089FEC0 /* GoogleService-Info.plist in Resources */ = {isa = PBXBuildFile; fileRef = 16B0841D2891AB890089FEC0 /* GoogleService-Info.plist */; };
		16B084212891AC5A0089FEC0 /* FirebaseAnalytics in Frameworks */ = {isa = PBXBuildFile; productRef = 16B084202891AC5A0089FEC0 /* FirebaseAnalytics */; };
		16B084232891AC5A0089FEC0 /* FirebaseAnalyticsSwift in Frameworks */ = {isa = PBXBuildFile; productRef = 16B084222891AC5A0089FEC0 /* FirebaseAnalyticsSwift */; };
		16B084252891AC5A0089FEC0 /* FirebaseAuth in Frameworks */ = {isa = PBXBuildFile; productRef = 16B084242891AC5A0089FEC0 /* FirebaseAuth */; };
		16B084272891AC5A0089FEC0 /* FirebaseDatabase in Frameworks */ = {isa = PBXBuildFile; productRef = 16B084262891AC5A0089FEC0 /* FirebaseDatabase */; };
		16B084292891AC5A0089FEC0 /* FirebaseDatabaseSwift in Frameworks */ = {isa = PBXBuildFile; productRef = 16B084282891AC5A0089FEC0 /* FirebaseDatabaseSwift */; };
		16B0842B2891AC5A0089FEC0 /* FirebaseFirestore in Frameworks */ = {isa = PBXBuildFile; productRef = 16B0842A2891AC5A0089FEC0 /* FirebaseFirestore */; };
		16B0842D2891AC5A0089FEC0 /* FirebaseFirestoreSwift in Frameworks */ = {isa = PBXBuildFile; productRef = 16B0842C2891AC5A0089FEC0 /* FirebaseFirestoreSwift */; };
		16B0842F2891AC5A0089FEC0 /* FirebaseStorage in Frameworks */ = {isa = PBXBuildFile; productRef = 16B0842E2891AC5A0089FEC0 /* FirebaseStorage */; };
		16B0843128933F8B0089FEC0 /* AuthDatasource.swift in Sources */ = {isa = PBXBuildFile; fileRef = 16B0843028933F8B0089FEC0 /* AuthDatasource.swift */; };
		16B08433289340D80089FEC0 /* AuthRepository.swift in Sources */ = {isa = PBXBuildFile; fileRef = 16B08432289340D80089FEC0 /* AuthRepository.swift */; };
		16B084372894C9000089FEC0 /* DashboardView.swift in Sources */ = {isa = PBXBuildFile; fileRef = 16B084362894C9000089FEC0 /* DashboardView.swift */; };
		16B0843E2898B6DD0089FEC0 /* HomeView.swift in Sources */ = {isa = PBXBuildFile; fileRef = 16B0843D2898B6DC0089FEC0 /* HomeView.swift */; };
		16B084422899C5C40089FEC0 /* HomeViewModel.swift in Sources */ = {isa = PBXBuildFile; fileRef = 16B084412899C5C40089FEC0 /* HomeViewModel.swift */; };
		16C62D7928A5EB9400143721 /* DonutView.swift in Sources */ = {isa = PBXBuildFile; fileRef = 16C62D7828A5EB9400143721 /* DonutView.swift */; };
		16EAE3BB28B18B9B002C12B3 /* LikedView.swift in Sources */ = {isa = PBXBuildFile; fileRef = 16EAE3BA28B18B9B002C12B3 /* LikedView.swift */; };
		16EAE3BF28B5BBA2002C12B3 /* LikedDonutDataSource.swift in Sources */ = {isa = PBXBuildFile; fileRef = 16EAE3BE28B5BBA2002C12B3 /* LikedDonutDataSource.swift */; };
		16EAE3C128B5C04D002C12B3 /* LikedDonutRepository.swift in Sources */ = {isa = PBXBuildFile; fileRef = 16EAE3C028B5C04D002C12B3 /* LikedDonutRepository.swift */; };
		16EAE3C328B5C10F002C12B3 /* LikedDonutViewModel.swift in Sources */ = {isa = PBXBuildFile; fileRef = 16EAE3C228B5C10F002C12B3 /* LikedDonutViewModel.swift */; };
		16EAE3C728B70BDA002C12B3 /* Haptics.swift in Sources */ = {isa = PBXBuildFile; fileRef = 16EAE3C628B70BD9002C12B3 /* Haptics.swift */; };
		16FB1F1A28C1A1A900B95A71 /* ProfileViewModel.swift in Sources */ = {isa = PBXBuildFile; fileRef = 16FB1F1928C1A1A900B95A71 /* ProfileViewModel.swift */; };
		16FB1F1C28C1A2C000B95A71 /* ProfileRepository.swift in Sources */ = {isa = PBXBuildFile; fileRef = 16FB1F1B28C1A2C000B95A71 /* ProfileRepository.swift */; };
		16FB1F1E28C1A2D300B95A71 /* ProfileDataSource.swift in Sources */ = {isa = PBXBuildFile; fileRef = 16FB1F1D28C1A2D300B95A71 /* ProfileDataSource.swift */; };
		16FB1F2028C2F19900B95A71 /* UserExtraDataModel.swift in Sources */ = {isa = PBXBuildFile; fileRef = 16FB1F1F28C2F19900B95A71 /* UserExtraDataModel.swift */; };
/* End PBXBuildFile section */

/* Begin PBXFileReference section */
		1626517228BAAC5200C4A90E /* ProfileView.swift */ = {isa = PBXFileReference; lastKnownFileType = sourcecode.swift; path = ProfileView.swift; sourceTree = "<group>"; };
		1626517528BAACC800C4A90E /* UserDataCardView.swift */ = {isa = PBXFileReference; lastKnownFileType = sourcecode.swift; path = UserDataCardView.swift; sourceTree = "<group>"; };
		1626517728BAACE500C4A90E /* OrdersHistoryCardView.swift */ = {isa = PBXFileReference; lastKnownFileType = sourcecode.swift; path = OrdersHistoryCardView.swift; sourceTree = "<group>"; };
		1626517B28BAB12E00C4A90E /* ViewExtensions.swift */ = {isa = PBXFileReference; lastKnownFileType = sourcecode.swift; path = ViewExtensions.swift; sourceTree = "<group>"; };
		162956BD28A1B2C600755069 /* DonutModel.swift */ = {isa = PBXFileReference; lastKnownFileType = sourcecode.swift; path = DonutModel.swift; sourceTree = "<group>"; };
		162956C028A1B54100755069 /* DonutsDataSource.swift */ = {isa = PBXFileReference; lastKnownFileType = sourcecode.swift; path = DonutsDataSource.swift; sourceTree = "<group>"; };
		162956C228A1DE7F00755069 /* DonutsRepository.swift */ = {isa = PBXFileReference; lastKnownFileType = sourcecode.swift; path = DonutsRepository.swift; sourceTree = "<group>"; };
		162956C528A1DF7000755069 /* DonutsViewModel.swift */ = {isa = PBXFileReference; lastKnownFileType = sourcecode.swift; path = DonutsViewModel.swift; sourceTree = "<group>"; };
		162956C728A1E98C00755069 /* DonutCardView.swift */ = {isa = PBXFileReference; lastKnownFileType = sourcecode.swift; path = DonutCardView.swift; sourceTree = "<group>"; };
		162956CD28A48FD100755069 /* StringExtensions.swift */ = {isa = PBXFileReference; lastKnownFileType = sourcecode.swift; path = StringExtensions.swift; sourceTree = "<group>"; };
		16B083F6288B60430089FEC0 /* Happy Donuts.app */ = {isa = PBXFileReference; explicitFileType = wrapper.application; includeInIndex = 0; path = "Happy Donuts.app"; sourceTree = BUILT_PRODUCTS_DIR; };
		16B083F9288B60430089FEC0 /* Happy_DonutsApp.swift */ = {isa = PBXFileReference; lastKnownFileType = sourcecode.swift; path = Happy_DonutsApp.swift; sourceTree = "<group>"; };
		16B083FD288B60450089FEC0 /* Assets.xcassets */ = {isa = PBXFileReference; lastKnownFileType = folder.assetcatalog; path = Assets.xcassets; sourceTree = "<group>"; };
		16B08400288B60450089FEC0 /* Preview Assets.xcassets */ = {isa = PBXFileReference; lastKnownFileType = folder.assetcatalog; path = "Preview Assets.xcassets"; sourceTree = "<group>"; };
		16B08408288B84460089FEC0 /* SplashScreenView.swift */ = {isa = PBXFileReference; lastKnownFileType = sourcecode.swift; path = SplashScreenView.swift; sourceTree = "<group>"; };
		16B0840B288B84F90089FEC0 /* LottieImage.swift */ = {isa = PBXFileReference; lastKnownFileType = sourcecode.swift; path = LottieImage.swift; sourceTree = "<group>"; };
		16B08410288B86280089FEC0 /* DonutAnimation.json */ = {isa = PBXFileReference; fileEncoding = 4; lastKnownFileType = text.json; path = DonutAnimation.json; sourceTree = "<group>"; };
		16B08413288B86960089FEC0 /* LoginView.swift */ = {isa = PBXFileReference; lastKnownFileType = sourcecode.swift; path = LoginView.swift; sourceTree = "<group>"; };
		16B084162890A4320089FEC0 /* LoginViewModel.swift */ = {isa = PBXFileReference; lastKnownFileType = sourcecode.swift; path = LoginViewModel.swift; sourceTree = "<group>"; };
		16B084192890A4F40089FEC0 /* LoginModel.swift */ = {isa = PBXFileReference; lastKnownFileType = sourcecode.swift; path = LoginModel.swift; sourceTree = "<group>"; };
		16B0841B2890A5FC0089FEC0 /* UserModel.swift */ = {isa = PBXFileReference; lastKnownFileType = sourcecode.swift; path = UserModel.swift; sourceTree = "<group>"; };
		16B0841D2891AB890089FEC0 /* GoogleService-Info.plist */ = {isa = PBXFileReference; fileEncoding = 4; lastKnownFileType = text.plist.xml; path = "GoogleService-Info.plist"; sourceTree = "<group>"; };
		16B0843028933F8B0089FEC0 /* AuthDatasource.swift */ = {isa = PBXFileReference; lastKnownFileType = sourcecode.swift; path = AuthDatasource.swift; sourceTree = "<group>"; };
		16B08432289340D80089FEC0 /* AuthRepository.swift */ = {isa = PBXFileReference; lastKnownFileType = sourcecode.swift; path = AuthRepository.swift; sourceTree = "<group>"; };
		16B084362894C9000089FEC0 /* DashboardView.swift */ = {isa = PBXFileReference; lastKnownFileType = sourcecode.swift; path = DashboardView.swift; sourceTree = "<group>"; };
		16B0843D2898B6DC0089FEC0 /* HomeView.swift */ = {isa = PBXFileReference; lastKnownFileType = sourcecode.swift; path = HomeView.swift; sourceTree = "<group>"; };
		16B084412899C5C40089FEC0 /* HomeViewModel.swift */ = {isa = PBXFileReference; lastKnownFileType = sourcecode.swift; path = HomeViewModel.swift; sourceTree = "<group>"; };
		16C62D7828A5EB9400143721 /* DonutView.swift */ = {isa = PBXFileReference; lastKnownFileType = sourcecode.swift; path = DonutView.swift; sourceTree = "<group>"; };
		16EAE3BA28B18B9B002C12B3 /* LikedView.swift */ = {isa = PBXFileReference; lastKnownFileType = sourcecode.swift; path = LikedView.swift; sourceTree = "<group>"; };
		16EAE3BE28B5BBA2002C12B3 /* LikedDonutDataSource.swift */ = {isa = PBXFileReference; lastKnownFileType = sourcecode.swift; path = LikedDonutDataSource.swift; sourceTree = "<group>"; };
		16EAE3C028B5C04D002C12B3 /* LikedDonutRepository.swift */ = {isa = PBXFileReference; lastKnownFileType = sourcecode.swift; path = LikedDonutRepository.swift; sourceTree = "<group>"; };
		16EAE3C228B5C10F002C12B3 /* LikedDonutViewModel.swift */ = {isa = PBXFileReference; lastKnownFileType = sourcecode.swift; path = LikedDonutViewModel.swift; sourceTree = "<group>"; };
		16EAE3C628B70BD9002C12B3 /* Haptics.swift */ = {isa = PBXFileReference; lastKnownFileType = sourcecode.swift; path = Haptics.swift; sourceTree = "<group>"; };
		16FB1F1928C1A1A900B95A71 /* ProfileViewModel.swift */ = {isa = PBXFileReference; lastKnownFileType = sourcecode.swift; path = ProfileViewModel.swift; sourceTree = "<group>"; };
		16FB1F1B28C1A2C000B95A71 /* ProfileRepository.swift */ = {isa = PBXFileReference; lastKnownFileType = sourcecode.swift; path = ProfileRepository.swift; sourceTree = "<group>"; };
		16FB1F1D28C1A2D300B95A71 /* ProfileDataSource.swift */ = {isa = PBXFileReference; lastKnownFileType = sourcecode.swift; path = ProfileDataSource.swift; sourceTree = "<group>"; };
		16FB1F1F28C2F19900B95A71 /* UserExtraDataModel.swift */ = {isa = PBXFileReference; lastKnownFileType = sourcecode.swift; path = UserExtraDataModel.swift; sourceTree = "<group>"; };
/* End PBXFileReference section */

/* Begin PBXFrameworksBuildPhase section */
		16B083F3288B60430089FEC0 /* Frameworks */ = {
			isa = PBXFrameworksBuildPhase;
			buildActionMask = 2147483647;
			files = (
				16B084292891AC5A0089FEC0 /* FirebaseDatabaseSwift in Frameworks */,
				16B084272891AC5A0089FEC0 /* FirebaseDatabase in Frameworks */,
				16B0842F2891AC5A0089FEC0 /* FirebaseStorage in Frameworks */,
				16B084232891AC5A0089FEC0 /* FirebaseAnalyticsSwift in Frameworks */,
				162956CB28A1EDE700755069 /* Kingfisher in Frameworks */,
				16B084212891AC5A0089FEC0 /* FirebaseAnalytics in Frameworks */,
				16B0840F288B856B0089FEC0 /* Lottie in Frameworks */,
				16B084252891AC5A0089FEC0 /* FirebaseAuth in Frameworks */,
				16B0842B2891AC5A0089FEC0 /* FirebaseFirestore in Frameworks */,
				16B0842D2891AC5A0089FEC0 /* FirebaseFirestoreSwift in Frameworks */,
			);
			runOnlyForDeploymentPostprocessing = 0;
		};
/* End PBXFrameworksBuildPhase section */

/* Begin PBXGroup section */
		1626517428BAAC9300C4A90E /* SubsViews */ = {
			isa = PBXGroup;
			children = (
				1626517528BAACC800C4A90E /* UserDataCardView.swift */,
				1626517728BAACE500C4A90E /* OrdersHistoryCardView.swift */,
			);
			path = SubsViews;
			sourceTree = "<group>";
		};
		162956BF28A1B50300755069 /* FirebaseDB */ = {
			isa = PBXGroup;
			children = (
				16EAE3BD28B5AB25002C12B3 /* LikedDonutViewModel */,
				16EAE3BC28B5AB07002C12B3 /* DonutViewModel */,
			);
			path = FirebaseDB;
			sourceTree = "<group>";
		};
		162956CC28A48FB600755069 /* Extensions */ = {
			isa = PBXGroup;
			children = (
				162956CD28A48FD100755069 /* StringExtensions.swift */,
				1626517B28BAB12E00C4A90E /* ViewExtensions.swift */,
			);
			path = Extensions;
			sourceTree = "<group>";
		};
		16B083ED288B60420089FEC0 = {
			isa = PBXGroup;
			children = (
				16B083F8288B60430089FEC0 /* Happy Donuts */,
				16B083F7288B60430089FEC0 /* Products */,
			);
			sourceTree = "<group>";
		};
		16B083F7288B60430089FEC0 /* Products */ = {
			isa = PBXGroup;
			children = (
				16B083F6288B60430089FEC0 /* Happy Donuts.app */,
			);
			name = Products;
			sourceTree = "<group>";
		};
		16B083F8288B60430089FEC0 /* Happy Donuts */ = {
			isa = PBXGroup;
			children = (
				16EAE3C528B70BB7002C12B3 /* Tools */,
				162956CC28A48FB600755069 /* Extensions */,
				16B084182890A48C0089FEC0 /* Models */,
				16B0840A288B84D10089FEC0 /* ViewModels */,
				16B08407288B84180089FEC0 /* Views */,
				16B083F9288B60430089FEC0 /* Happy_DonutsApp.swift */,
				16B0841D2891AB890089FEC0 /* GoogleService-Info.plist */,
				16B08410288B86280089FEC0 /* DonutAnimation.json */,
				16B083FD288B60450089FEC0 /* Assets.xcassets */,
				16B083FF288B60450089FEC0 /* Preview Content */,
			);
			path = "Happy Donuts";
			sourceTree = "<group>";
		};
		16B083FF288B60450089FEC0 /* Preview Content */ = {
			isa = PBXGroup;
			children = (
				16B08400288B60450089FEC0 /* Preview Assets.xcassets */,
			);
			path = "Preview Content";
			sourceTree = "<group>";
		};
		16B08407288B84180089FEC0 /* Views */ = {
			isa = PBXGroup;
			children = (
				16B084352894C8B50089FEC0 /* Dashboard */,
				16B084342894C8440089FEC0 /* WelcomeScreenVIews */,
				16B08412288B86740089FEC0 /* LoginViews */,
			);
			path = Views;
			sourceTree = "<group>";
		};
		16B0840A288B84D10089FEC0 /* ViewModels */ = {
			isa = PBXGroup;
			children = (
				16FB1F1728C1A15D00B95A71 /* Profile */,
				162956BF28A1B50300755069 /* FirebaseDB */,
				16B0843F2899C59B0089FEC0 /* Dashboard */,
				16B084152890A41C0089FEC0 /* Login */,
				16B0840B288B84F90089FEC0 /* LottieImage.swift */,
			);
			path = ViewModels;
			sourceTree = "<group>";
		};
		16B08412288B86740089FEC0 /* LoginViews */ = {
			isa = PBXGroup;
			children = (
				16B08413288B86960089FEC0 /* LoginView.swift */,
			);
			path = LoginViews;
			sourceTree = "<group>";
		};
		16B084152890A41C0089FEC0 /* Login */ = {
			isa = PBXGroup;
			children = (
				16B084162890A4320089FEC0 /* LoginViewModel.swift */,
				16B08432289340D80089FEC0 /* AuthRepository.swift */,
				16B0843028933F8B0089FEC0 /* AuthDatasource.swift */,
			);
			path = Login;
			sourceTree = "<group>";
		};
		16B084182890A48C0089FEC0 /* Models */ = {
			isa = PBXGroup;
			children = (
				16B084192890A4F40089FEC0 /* LoginModel.swift */,
				16B0841B2890A5FC0089FEC0 /* UserModel.swift */,
				162956BD28A1B2C600755069 /* DonutModel.swift */,
				16FB1F1F28C2F19900B95A71 /* UserExtraDataModel.swift */,
			);
			path = Models;
			sourceTree = "<group>";
		};
		16B084342894C8440089FEC0 /* WelcomeScreenVIews */ = {
			isa = PBXGroup;
			children = (
				16B08408288B84460089FEC0 /* SplashScreenView.swift */,
			);
			path = WelcomeScreenVIews;
			sourceTree = "<group>";
		};
		16B084352894C8B50089FEC0 /* Dashboard */ = {
			isa = PBXGroup;
			children = (
				16B084362894C9000089FEC0 /* DashboardView.swift */,
				16B0843A2898B67E0089FEC0 /* Profile */,
				16B084392898B6590089FEC0 /* Home */,
				16B0843B2898B68F0089FEC0 /* Liked */,
				16B0843C2898B6960089FEC0 /* Cart */,
			);
			path = Dashboard;
			sourceTree = "<group>";
		};
		16B084382898B6310089FEC0 /* Subviews */ = {
			isa = PBXGroup;
			children = (
				162956C728A1E98C00755069 /* DonutCardView.swift */,
				16C62D7828A5EB9400143721 /* DonutView.swift */,
			);
			path = Subviews;
			sourceTree = "<group>";
		};
		16B084392898B6590089FEC0 /* Home */ = {
			isa = PBXGroup;
			children = (
				16B0843D2898B6DC0089FEC0 /* HomeView.swift */,
				16B084382898B6310089FEC0 /* Subviews */,
			);
			path = Home;
			sourceTree = "<group>";
		};
		16B0843A2898B67E0089FEC0 /* Profile */ = {
			isa = PBXGroup;
			children = (
				1626517228BAAC5200C4A90E /* ProfileView.swift */,
				1626517428BAAC9300C4A90E /* SubsViews */,
			);
			path = Profile;
			sourceTree = "<group>";
		};
		16B0843B2898B68F0089FEC0 /* Liked */ = {
			isa = PBXGroup;
			children = (
				16EAE3BA28B18B9B002C12B3 /* LikedView.swift */,
			);
			path = Liked;
			sourceTree = "<group>";
		};
		16B0843C2898B6960089FEC0 /* Cart */ = {
			isa = PBXGroup;
			children = (
			);
			path = Cart;
			sourceTree = "<group>";
		};
		16B0843F2899C59B0089FEC0 /* Dashboard */ = {
			isa = PBXGroup;
			children = (
				16B084402899C5AB0089FEC0 /* Home */,
			);
			path = Dashboard;
			sourceTree = "<group>";
		};
		16B084402899C5AB0089FEC0 /* Home */ = {
			isa = PBXGroup;
			children = (
				16B084412899C5C40089FEC0 /* HomeViewModel.swift */,
			);
			path = Home;
			sourceTree = "<group>";
		};
		16EAE3BC28B5AB07002C12B3 /* DonutViewModel */ = {
			isa = PBXGroup;
			children = (
				162956C028A1B54100755069 /* DonutsDataSource.swift */,
				162956C228A1DE7F00755069 /* DonutsRepository.swift */,
				162956C528A1DF7000755069 /* DonutsViewModel.swift */,
			);
			path = DonutViewModel;
			sourceTree = "<group>";
		};
		16EAE3BD28B5AB25002C12B3 /* LikedDonutViewModel */ = {
			isa = PBXGroup;
			children = (
				16EAE3BE28B5BBA2002C12B3 /* LikedDonutDataSource.swift */,
				16EAE3C028B5C04D002C12B3 /* LikedDonutRepository.swift */,
				16EAE3C228B5C10F002C12B3 /* LikedDonutViewModel.swift */,
			);
			path = LikedDonutViewModel;
			sourceTree = "<group>";
		};
		16EAE3C428B70B67002C12B3 /* Haptics */ = {
			isa = PBXGroup;
			children = (
				16EAE3C628B70BD9002C12B3 /* Haptics.swift */,
			);
			path = Haptics;
			sourceTree = "<group>";
		};
		16EAE3C528B70BB7002C12B3 /* Tools */ = {
			isa = PBXGroup;
			children = (
				16EAE3C428B70B67002C12B3 /* Haptics */,
			);
			path = Tools;
			sourceTree = "<group>";
		};
		16FB1F1728C1A15D00B95A71 /* Profile */ = {
			isa = PBXGroup;
			children = (
				16FB1F1928C1A1A900B95A71 /* ProfileViewModel.swift */,
				16FB1F1B28C1A2C000B95A71 /* ProfileRepository.swift */,
				16FB1F1D28C1A2D300B95A71 /* ProfileDataSource.swift */,
			);
			path = Profile;
			sourceTree = "<group>";
		};
/* End PBXGroup section */

/* Begin PBXNativeTarget section */
		16B083F5288B60430089FEC0 /* Happy Donuts */ = {
			isa = PBXNativeTarget;
			buildConfigurationList = 16B08404288B60450089FEC0 /* Build configuration list for PBXNativeTarget "Happy Donuts" */;
			buildPhases = (
				16B083F2288B60430089FEC0 /* Sources */,
				16B083F3288B60430089FEC0 /* Frameworks */,
				16B083F4288B60430089FEC0 /* Resources */,
			);
			buildRules = (
			);
			dependencies = (
			);
			name = "Happy Donuts";
			packageProductDependencies = (
				16B0840E288B856B0089FEC0 /* Lottie */,
				16B084202891AC5A0089FEC0 /* FirebaseAnalytics */,
				16B084222891AC5A0089FEC0 /* FirebaseAnalyticsSwift */,
				16B084242891AC5A0089FEC0 /* FirebaseAuth */,
				16B084262891AC5A0089FEC0 /* FirebaseDatabase */,
				16B084282891AC5A0089FEC0 /* FirebaseDatabaseSwift */,
				16B0842A2891AC5A0089FEC0 /* FirebaseFirestore */,
				16B0842C2891AC5A0089FEC0 /* FirebaseFirestoreSwift */,
				16B0842E2891AC5A0089FEC0 /* FirebaseStorage */,
				162956CA28A1EDE700755069 /* Kingfisher */,
			);
			productName = "Happy Donuts";
			productReference = 16B083F6288B60430089FEC0 /* Happy Donuts.app */;
			productType = "com.apple.product-type.application";
		};
/* End PBXNativeTarget section */

/* Begin PBXProject section */
		16B083EE288B60420089FEC0 /* Project object */ = {
			isa = PBXProject;
			attributes = {
				BuildIndependentTargetsInParallel = 1;
				LastSwiftUpdateCheck = 1340;
				LastUpgradeCheck = 1340;
				TargetAttributes = {
					16B083F5288B60430089FEC0 = {
						CreatedOnToolsVersion = 13.4.1;
					};
				};
			};
			buildConfigurationList = 16B083F1288B60420089FEC0 /* Build configuration list for PBXProject "Happy Donuts" */;
			compatibilityVersion = "Xcode 13.0";
			developmentRegion = en;
			hasScannedForEncodings = 0;
			knownRegions = (
				en,
				Base,
			);
			mainGroup = 16B083ED288B60420089FEC0;
			packageReferences = (
				16B0840D288B856B0089FEC0 /* XCRemoteSwiftPackageReference "lottie-ios" */,
				16B0841F2891AC5A0089FEC0 /* XCRemoteSwiftPackageReference "firebase-ios-sdk" */,
				162956C928A1EDE700755069 /* XCRemoteSwiftPackageReference "Kingfisher" */,
			);
			productRefGroup = 16B083F7288B60430089FEC0 /* Products */;
			projectDirPath = "";
			projectRoot = "";
			targets = (
				16B083F5288B60430089FEC0 /* Happy Donuts */,
			);
		};
/* End PBXProject section */

/* Begin PBXResourcesBuildPhase section */
		16B083F4288B60430089FEC0 /* Resources */ = {
			isa = PBXResourcesBuildPhase;
			buildActionMask = 2147483647;
			files = (
				16B08411288B86280089FEC0 /* DonutAnimation.json in Resources */,
				16B0841E2891AB890089FEC0 /* GoogleService-Info.plist in Resources */,
				16B08401288B60450089FEC0 /* Preview Assets.xcassets in Resources */,
				16B083FE288B60450089FEC0 /* Assets.xcassets in Resources */,
			);
			runOnlyForDeploymentPostprocessing = 0;
		};
/* End PBXResourcesBuildPhase section */

/* Begin PBXSourcesBuildPhase section */
		16B083F2288B60430089FEC0 /* Sources */ = {
			isa = PBXSourcesBuildPhase;
			buildActionMask = 2147483647;
			files = (
				16B0840C288B84F90089FEC0 /* LottieImage.swift in Sources */,
				16FB1F2028C2F19900B95A71 /* UserExtraDataModel.swift in Sources */,
				16B0841A2890A4F40089FEC0 /* LoginModel.swift in Sources */,
				16FB1F1A28C1A1A900B95A71 /* ProfileViewModel.swift in Sources */,
				16FB1F1C28C1A2C000B95A71 /* ProfileRepository.swift in Sources */,
				162956BE28A1B2C600755069 /* DonutModel.swift in Sources */,
				16C62D7928A5EB9400143721 /* DonutView.swift in Sources */,
				16B084422899C5C40089FEC0 /* HomeViewModel.swift in Sources */,
				16B0843128933F8B0089FEC0 /* AuthDatasource.swift in Sources */,
				16EAE3BF28B5BBA2002C12B3 /* LikedDonutDataSource.swift in Sources */,
				1626517328BAAC5200C4A90E /* ProfileView.swift in Sources */,
				16B08433289340D80089FEC0 /* AuthRepository.swift in Sources */,
				16B0841C2890A5FC0089FEC0 /* UserModel.swift in Sources */,
				16B084372894C9000089FEC0 /* DashboardView.swift in Sources */,
				16B084172890A4330089FEC0 /* LoginViewModel.swift in Sources */,
				16B083FA288B60430089FEC0 /* Happy_DonutsApp.swift in Sources */,
				16EAE3C728B70BDA002C12B3 /* Haptics.swift in Sources */,
				162956C628A1DF7000755069 /* DonutsViewModel.swift in Sources */,
				162956C128A1B54100755069 /* DonutsDataSource.swift in Sources */,
				16B0843E2898B6DD0089FEC0 /* HomeView.swift in Sources */,
				16EAE3BB28B18B9B002C12B3 /* LikedView.swift in Sources */,
				16EAE3C128B5C04D002C12B3 /* LikedDonutRepository.swift in Sources */,
				1626517628BAACC800C4A90E /* UserDataCardView.swift in Sources */,
				16B08414288B86960089FEC0 /* LoginView.swift in Sources */,
				162956C328A1DE7F00755069 /* DonutsRepository.swift in Sources */,
				1626517C28BAB12E00C4A90E /* ViewExtensions.swift in Sources */,
				1626517828BAACE600C4A90E /* OrdersHistoryCardView.swift in Sources */,
				16B08409288B84460089FEC0 /* SplashScreenView.swift in Sources */,
				162956C828A1E98C00755069 /* DonutCardView.swift in Sources */,
				16EAE3C328B5C10F002C12B3 /* LikedDonutViewModel.swift in Sources */,
				162956CE28A48FD100755069 /* StringExtensions.swift in Sources */,
				16FB1F1E28C1A2D300B95A71 /* ProfileDataSource.swift in Sources */,
			);
			runOnlyForDeploymentPostprocessing = 0;
		};
/* End PBXSourcesBuildPhase section */

/* Begin XCBuildConfiguration section */
		16B08402288B60450089FEC0 /* Debug */ = {
			isa = XCBuildConfiguration;
			buildSettings = {
				ALWAYS_SEARCH_USER_PATHS = NO;
				CLANG_ANALYZER_NONNULL = YES;
				CLANG_ANALYZER_NUMBER_OBJECT_CONVERSION = YES_AGGRESSIVE;
				CLANG_CXX_LANGUAGE_STANDARD = "gnu++17";
				CLANG_ENABLE_MODULES = YES;
				CLANG_ENABLE_OBJC_ARC = YES;
				CLANG_ENABLE_OBJC_WEAK = YES;
				CLANG_WARN_BLOCK_CAPTURE_AUTORELEASING = YES;
				CLANG_WARN_BOOL_CONVERSION = YES;
				CLANG_WARN_COMMA = YES;
				CLANG_WARN_CONSTANT_CONVERSION = YES;
				CLANG_WARN_DEPRECATED_OBJC_IMPLEMENTATIONS = YES;
				CLANG_WARN_DIRECT_OBJC_ISA_USAGE = YES_ERROR;
				CLANG_WARN_DOCUMENTATION_COMMENTS = YES;
				CLANG_WARN_EMPTY_BODY = YES;
				CLANG_WARN_ENUM_CONVERSION = YES;
				CLANG_WARN_INFINITE_RECURSION = YES;
				CLANG_WARN_INT_CONVERSION = YES;
				CLANG_WARN_NON_LITERAL_NULL_CONVERSION = YES;
				CLANG_WARN_OBJC_IMPLICIT_RETAIN_SELF = YES;
				CLANG_WARN_OBJC_LITERAL_CONVERSION = YES;
				CLANG_WARN_OBJC_ROOT_CLASS = YES_ERROR;
				CLANG_WARN_QUOTED_INCLUDE_IN_FRAMEWORK_HEADER = YES;
				CLANG_WARN_RANGE_LOOP_ANALYSIS = YES;
				CLANG_WARN_STRICT_PROTOTYPES = YES;
				CLANG_WARN_SUSPICIOUS_MOVE = YES;
				CLANG_WARN_UNGUARDED_AVAILABILITY = YES_AGGRESSIVE;
				CLANG_WARN_UNREACHABLE_CODE = YES;
				CLANG_WARN__DUPLICATE_METHOD_MATCH = YES;
				COPY_PHASE_STRIP = NO;
				DEBUG_INFORMATION_FORMAT = dwarf;
				ENABLE_STRICT_OBJC_MSGSEND = YES;
				ENABLE_TESTABILITY = YES;
				GCC_C_LANGUAGE_STANDARD = gnu11;
				GCC_DYNAMIC_NO_PIC = NO;
				GCC_NO_COMMON_BLOCKS = YES;
				GCC_OPTIMIZATION_LEVEL = 0;
				GCC_PREPROCESSOR_DEFINITIONS = (
					"DEBUG=1",
					"$(inherited)",
				);
				GCC_WARN_64_TO_32_BIT_CONVERSION = YES;
				GCC_WARN_ABOUT_RETURN_TYPE = YES_ERROR;
				GCC_WARN_UNDECLARED_SELECTOR = YES;
				GCC_WARN_UNINITIALIZED_AUTOS = YES_AGGRESSIVE;
				GCC_WARN_UNUSED_FUNCTION = YES;
				GCC_WARN_UNUSED_VARIABLE = YES;
				IPHONEOS_DEPLOYMENT_TARGET = 15.5;
				MTL_ENABLE_DEBUG_INFO = INCLUDE_SOURCE;
				MTL_FAST_MATH = YES;
				ONLY_ACTIVE_ARCH = YES;
				SDKROOT = iphoneos;
				SWIFT_ACTIVE_COMPILATION_CONDITIONS = DEBUG;
				SWIFT_OPTIMIZATION_LEVEL = "-Onone";
			};
			name = Debug;
		};
		16B08403288B60450089FEC0 /* Release */ = {
			isa = XCBuildConfiguration;
			buildSettings = {
				ALWAYS_SEARCH_USER_PATHS = NO;
				CLANG_ANALYZER_NONNULL = YES;
				CLANG_ANALYZER_NUMBER_OBJECT_CONVERSION = YES_AGGRESSIVE;
				CLANG_CXX_LANGUAGE_STANDARD = "gnu++17";
				CLANG_ENABLE_MODULES = YES;
				CLANG_ENABLE_OBJC_ARC = YES;
				CLANG_ENABLE_OBJC_WEAK = YES;
				CLANG_WARN_BLOCK_CAPTURE_AUTORELEASING = YES;
				CLANG_WARN_BOOL_CONVERSION = YES;
				CLANG_WARN_COMMA = YES;
				CLANG_WARN_CONSTANT_CONVERSION = YES;
				CLANG_WARN_DEPRECATED_OBJC_IMPLEMENTATIONS = YES;
				CLANG_WARN_DIRECT_OBJC_ISA_USAGE = YES_ERROR;
				CLANG_WARN_DOCUMENTATION_COMMENTS = YES;
				CLANG_WARN_EMPTY_BODY = YES;
				CLANG_WARN_ENUM_CONVERSION = YES;
				CLANG_WARN_INFINITE_RECURSION = YES;
				CLANG_WARN_INT_CONVERSION = YES;
				CLANG_WARN_NON_LITERAL_NULL_CONVERSION = YES;
				CLANG_WARN_OBJC_IMPLICIT_RETAIN_SELF = YES;
				CLANG_WARN_OBJC_LITERAL_CONVERSION = YES;
				CLANG_WARN_OBJC_ROOT_CLASS = YES_ERROR;
				CLANG_WARN_QUOTED_INCLUDE_IN_FRAMEWORK_HEADER = YES;
				CLANG_WARN_RANGE_LOOP_ANALYSIS = YES;
				CLANG_WARN_STRICT_PROTOTYPES = YES;
				CLANG_WARN_SUSPICIOUS_MOVE = YES;
				CLANG_WARN_UNGUARDED_AVAILABILITY = YES_AGGRESSIVE;
				CLANG_WARN_UNREACHABLE_CODE = YES;
				CLANG_WARN__DUPLICATE_METHOD_MATCH = YES;
				COPY_PHASE_STRIP = NO;
				DEBUG_INFORMATION_FORMAT = "dwarf-with-dsym";
				ENABLE_NS_ASSERTIONS = NO;
				ENABLE_STRICT_OBJC_MSGSEND = YES;
				GCC_C_LANGUAGE_STANDARD = gnu11;
				GCC_NO_COMMON_BLOCKS = YES;
				GCC_WARN_64_TO_32_BIT_CONVERSION = YES;
				GCC_WARN_ABOUT_RETURN_TYPE = YES_ERROR;
				GCC_WARN_UNDECLARED_SELECTOR = YES;
				GCC_WARN_UNINITIALIZED_AUTOS = YES_AGGRESSIVE;
				GCC_WARN_UNUSED_FUNCTION = YES;
				GCC_WARN_UNUSED_VARIABLE = YES;
				IPHONEOS_DEPLOYMENT_TARGET = 15.5;
				MTL_ENABLE_DEBUG_INFO = NO;
				MTL_FAST_MATH = YES;
				SDKROOT = iphoneos;
				SWIFT_COMPILATION_MODE = wholemodule;
				SWIFT_OPTIMIZATION_LEVEL = "-O";
				VALIDATE_PRODUCT = YES;
			};
			name = Release;
		};
		16B08405288B60450089FEC0 /* Debug */ = {
			isa = XCBuildConfiguration;
			buildSettings = {
				ASSETCATALOG_COMPILER_APPICON_NAME = AppIcon;
				ASSETCATALOG_COMPILER_GLOBAL_ACCENT_COLOR_NAME = AccentColor;
				CODE_SIGN_STYLE = Automatic;
				CURRENT_PROJECT_VERSION = 1;
				DEVELOPMENT_ASSET_PATHS = "\"Happy Donuts/Preview Content\"";
				DEVELOPMENT_TEAM = 6Z8MU97UL5;
				ENABLE_PREVIEWS = YES;
				GENERATE_INFOPLIST_FILE = YES;
				INFOPLIST_KEY_UIApplicationSceneManifest_Generation = YES;
				INFOPLIST_KEY_UIApplicationSupportsIndirectInputEvents = YES;
				INFOPLIST_KEY_UILaunchScreen_Generation = YES;
				INFOPLIST_KEY_UISupportedInterfaceOrientations_iPad = "UIInterfaceOrientationPortrait UIInterfaceOrientationPortraitUpsideDown UIInterfaceOrientationLandscapeLeft UIInterfaceOrientationLandscapeRight";
				INFOPLIST_KEY_UISupportedInterfaceOrientations_iPhone = "UIInterfaceOrientationPortrait UIInterfaceOrientationLandscapeLeft UIInterfaceOrientationLandscapeRight";
				LD_RUNPATH_SEARCH_PATHS = (
					"$(inherited)",
					"@executable_path/Frameworks",
				);
				MARKETING_VERSION = 1.0;
				PRODUCT_BUNDLE_IDENTIFIER = "Jacob.Happy-Donuts";
				PRODUCT_NAME = "$(TARGET_NAME)";
				SWIFT_EMIT_LOC_STRINGS = YES;
				SWIFT_VERSION = 5.0;
				TARGETED_DEVICE_FAMILY = "1,2";
			};
			name = Debug;
		};
		16B08406288B60450089FEC0 /* Release */ = {
			isa = XCBuildConfiguration;
			buildSettings = {
				ASSETCATALOG_COMPILER_APPICON_NAME = AppIcon;
				ASSETCATALOG_COMPILER_GLOBAL_ACCENT_COLOR_NAME = AccentColor;
				CODE_SIGN_STYLE = Automatic;
				CURRENT_PROJECT_VERSION = 1;
				DEVELOPMENT_ASSET_PATHS = "\"Happy Donuts/Preview Content\"";
				DEVELOPMENT_TEAM = 6Z8MU97UL5;
				ENABLE_PREVIEWS = YES;
				GENERATE_INFOPLIST_FILE = YES;
				INFOPLIST_KEY_UIApplicationSceneManifest_Generation = YES;
				INFOPLIST_KEY_UIApplicationSupportsIndirectInputEvents = YES;
				INFOPLIST_KEY_UILaunchScreen_Generation = YES;
				INFOPLIST_KEY_UISupportedInterfaceOrientations_iPad = "UIInterfaceOrientationPortrait UIInterfaceOrientationPortraitUpsideDown UIInterfaceOrientationLandscapeLeft UIInterfaceOrientationLandscapeRight";
				INFOPLIST_KEY_UISupportedInterfaceOrientations_iPhone = "UIInterfaceOrientationPortrait UIInterfaceOrientationLandscapeLeft UIInterfaceOrientationLandscapeRight";
				LD_RUNPATH_SEARCH_PATHS = (
					"$(inherited)",
					"@executable_path/Frameworks",
				);
				MARKETING_VERSION = 1.0;
				PRODUCT_BUNDLE_IDENTIFIER = "Jacob.Happy-Donuts";
				PRODUCT_NAME = "$(TARGET_NAME)";
				SWIFT_EMIT_LOC_STRINGS = YES;
				SWIFT_VERSION = 5.0;
				TARGETED_DEVICE_FAMILY = "1,2";
			};
			name = Release;
		};
/* End XCBuildConfiguration section */

/* Begin XCConfigurationList section */
		16B083F1288B60420089FEC0 /* Build configuration list for PBXProject "Happy Donuts" */ = {
			isa = XCConfigurationList;
			buildConfigurations = (
				16B08402288B60450089FEC0 /* Debug */,
				16B08403288B60450089FEC0 /* Release */,
			);
			defaultConfigurationIsVisible = 0;
			defaultConfigurationName = Release;
		};
		16B08404288B60450089FEC0 /* Build configuration list for PBXNativeTarget "Happy Donuts" */ = {
			isa = XCConfigurationList;
			buildConfigurations = (
				16B08405288B60450089FEC0 /* Debug */,
				16B08406288B60450089FEC0 /* Release */,
			);
			defaultConfigurationIsVisible = 0;
			defaultConfigurationName = Release;
		};
/* End XCConfigurationList section */

/* Begin XCRemoteSwiftPackageReference section */
		162956C928A1EDE700755069 /* XCRemoteSwiftPackageReference "Kingfisher" */ = {
			isa = XCRemoteSwiftPackageReference;
			repositoryURL = "https://github.com/onevcat/Kingfisher";
			requirement = {
				branch = master;
				kind = branch;
			};
		};
		16B0840D288B856B0089FEC0 /* XCRemoteSwiftPackageReference "lottie-ios" */ = {
			isa = XCRemoteSwiftPackageReference;
			repositoryURL = "https://github.com/LottieFiles/lottie-ios";
			requirement = {
				branch = master;
				kind = branch;
			};
		};
		16B0841F2891AC5A0089FEC0 /* XCRemoteSwiftPackageReference "firebase-ios-sdk" */ = {
			isa = XCRemoteSwiftPackageReference;
			repositoryURL = "https://github.com/firebase/firebase-ios-sdk.git";
			requirement = {
				branch = master;
				kind = branch;
			};
		};
/* End XCRemoteSwiftPackageReference section */

/* Begin XCSwiftPackageProductDependency section */
		162956CA28A1EDE700755069 /* Kingfisher */ = {
			isa = XCSwiftPackageProductDependency;
			package = 162956C928A1EDE700755069 /* XCRemoteSwiftPackageReference "Kingfisher" */;
			productName = Kingfisher;
		};
		16B0840E288B856B0089FEC0 /* Lottie */ = {
			isa = XCSwiftPackageProductDependency;
			package = 16B0840D288B856B0089FEC0 /* XCRemoteSwiftPackageReference "lottie-ios" */;
			productName = Lottie;
		};
		16B084202891AC5A0089FEC0 /* FirebaseAnalytics */ = {
			isa = XCSwiftPackageProductDependency;
			package = 16B0841F2891AC5A0089FEC0 /* XCRemoteSwiftPackageReference "firebase-ios-sdk" */;
			productName = FirebaseAnalytics;
		};
		16B084222891AC5A0089FEC0 /* FirebaseAnalyticsSwift */ = {
			isa = XCSwiftPackageProductDependency;
			package = 16B0841F2891AC5A0089FEC0 /* XCRemoteSwiftPackageReference "firebase-ios-sdk" */;
			productName = FirebaseAnalyticsSwift;
		};
		16B084242891AC5A0089FEC0 /* FirebaseAuth */ = {
			isa = XCSwiftPackageProductDependency;
			package = 16B0841F2891AC5A0089FEC0 /* XCRemoteSwiftPackageReference "firebase-ios-sdk" */;
			productName = FirebaseAuth;
		};
		16B084262891AC5A0089FEC0 /* FirebaseDatabase */ = {
			isa = XCSwiftPackageProductDependency;
			package = 16B0841F2891AC5A0089FEC0 /* XCRemoteSwiftPackageReference "firebase-ios-sdk" */;
			productName = FirebaseDatabase;
		};
		16B084282891AC5A0089FEC0 /* FirebaseDatabaseSwift */ = {
			isa = XCSwiftPackageProductDependency;
			package = 16B0841F2891AC5A0089FEC0 /* XCRemoteSwiftPackageReference "firebase-ios-sdk" */;
			productName = FirebaseDatabaseSwift;
		};
		16B0842A2891AC5A0089FEC0 /* FirebaseFirestore */ = {
			isa = XCSwiftPackageProductDependency;
			package = 16B0841F2891AC5A0089FEC0 /* XCRemoteSwiftPackageReference "firebase-ios-sdk" */;
			productName = FirebaseFirestore;
		};
		16B0842C2891AC5A0089FEC0 /* FirebaseFirestoreSwift */ = {
			isa = XCSwiftPackageProductDependency;
			package = 16B0841F2891AC5A0089FEC0 /* XCRemoteSwiftPackageReference "firebase-ios-sdk" */;
			productName = FirebaseFirestoreSwift;
		};
		16B0842E2891AC5A0089FEC0 /* FirebaseStorage */ = {
			isa = XCSwiftPackageProductDependency;
			package = 16B0841F2891AC5A0089FEC0 /* XCRemoteSwiftPackageReference "firebase-ios-sdk" */;
			productName = FirebaseStorage;
		};
/* End XCSwiftPackageProductDependency section */
	};
	rootObject = 16B083EE288B60420089FEC0 /* Project object */;
}
